
Microsoft Visual Studio Solution File, Format Version 12.00
# Visual Studio 2012
Project("{8BC9CEB8-8B4A-11D0-8D11-00A0C91BC942}") = "PrgInLua2", "PrgInLua2\PrgInLua2.vcxproj", "{3BE48B86-B757-44C0-8872-4C6236F2625D}"
EndProject
Project("{8BC9CEB8-8B4A-11D0-8D11-00A0C91BC942}") = "Lua51", "Lua51\Lua51.vcxproj", "{81F8D8CA-A150-47DE-9809-A62F959F3ADC}"
EndProject
Project("{8BC9CEB8-8B4A-11D0-8D11-00A0C91BC942}") = "LuaInterpreter", "LuaInterpreter\LuaInterpreter.vcxproj", "{5F4DD7BD-67F1-4E4C-BEC7-01C0C4FA5EB9}"
EndProject
Project("{8BC9CEB8-8B4A-11D0-8D11-00A0C91BC942}") = "ToLuaPP", "ToLuaPP\ToLuaPP.vcxproj", "{A0F57313-A93C-46E1-961B-5FE3ADE24DB4}"
EndProject
Global
	GlobalSection(SolutionConfigurationPlatforms) = preSolution
		Debug|Any CPU = Debug|Any CPU
		Debug|Mixed Platforms = Debug|Mixed Platforms
		Debug|Win32 = Debug|Win32
		Release|Any CPU = Release|Any CPU
		Release|Mixed Platforms = Release|Mixed Platforms
		Release|Win32 = Release|Win32
	EndGlobalSection
	GlobalSection(ProjectConfigurationPlatforms) = postSolution
		{3BE48B86-B757-44C0-8872-4C6236F2625D}.Debug|Any CPU.ActiveCfg = Debug|Win32
		{3BE48B86-B757-44C0-8872-4C6236F2625D}.Debug|Mixed Platforms.ActiveCfg = Debug|Win32
		{3BE48B86-B757-44C0-8872-4C6236F2625D}.Debug|Mixed Platforms.Build.0 = Debug|Win32
		{3BE48B86-B757-44C0-8872-4C6236F2625D}.Debug|Win32.ActiveCfg = Debug|Win32
		{3BE48B86-B757-44C0-8872-4C6236F2625D}.Debug|Win32.Build.0 = Debug|Win32
		{3BE48B86-B757-44C0-8872-4C6236F2625D}.Release|Any CPU.ActiveCfg = Release|Win32
		{3BE48B86-B757-44C0-8872-4C6236F2625D}.Release|Mixed Platforms.ActiveCfg = Release|Win32
		{3BE48B86-B757-44C0-8872-4C6236F2625D}.Release|Mixed Platforms.Build.0 = Release|Win32
		{3BE48B86-B757-44C0-8872-4C6236F2625D}.Release|Win32.ActiveCfg = Release|Win32
		{3BE48B86-B757-44C0-8872-4C6236F2625D}.Release|Win32.Build.0 = Release|Win32
		{81F8D8CA-A150-47DE-9809-A62F959F3ADC}.Debug|Any CPU.ActiveCfg = Debug|Win32
		{81F8D8CA-A150-47DE-9809-A62F959F3ADC}.Debug|Mixed Platforms.ActiveCfg = Debug|Win32
		{81F8D8CA-A150-47DE-9809-A62F959F3ADC}.Debug|Mixed Platforms.Build.0 = Debug|Win32
		{81F8D8CA-A150-47DE-9809-A62F959F3ADC}.Debug|Win32.ActiveCfg = Debug|Win32
		{81F8D8CA-A150-47DE-9809-A62F959F3ADC}.Debug|Win32.Build.0 = Debug|Win32
		{81F8D8CA-A150-47DE-9809-A62F959F3ADC}.Release|Any CPU.ActiveCfg = Release|Win32
		{81F8D8CA-A150-47DE-9809-A62F959F3ADC}.Release|Mixed Platforms.ActiveCfg = Release|Win32
		{81F8D8CA-A150-47DE-9809-A62F959F3ADC}.Release|Mixed Platforms.Build.0 = Release|Win32
		{81F8D8CA-A150-47DE-9809-A62F959F3ADC}.Release|Win32.ActiveCfg = Release|Win32
		{81F8D8CA-A150-47DE-9809-A62F959F3ADC}.Release|Win32.Build.0 = Release|Win32
		{5F4DD7BD-67F1-4E4C-BEC7-01C0C4FA5EB9}.Debug|Any CPU.ActiveCfg = Debug|Win32
		{5F4DD7BD-67F1-4E4C-BEC7-01C0C4FA5EB9}.Debug|Mixed Platforms.ActiveCfg = Debug|Win32
		{5F4DD7BD-67F1-4E4C-BEC7-01C0C4FA5EB9}.Debug|Mixed Platforms.Build.0 = Debug|Win32
		{5F4DD7BD-67F1-4E4C-BEC7-01C0C4FA5EB9}.Debug|Win32.ActiveCfg = Debug|Win32
		{5F4DD7BD-67F1-4E4C-BEC7-01C0C4FA5EB9}.Debug|Win32.Build.0 = Debug|Win32
		{5F4DD7BD-67F1-4E4C-BEC7-01C0C4FA5EB9}.Release|Any CPU.ActiveCfg = Release|Win32
		{5F4DD7BD-67F1-4E4C-BEC7-01C0C4FA5EB9}.Release|Mixed Platforms.ActiveCfg = Release|Win32
		{5F4DD7BD-67F1-4E4C-BEC7-01C0C4FA5EB9}.Release|Mixed Platforms.Build.0 = Release|Win32
		{5F4DD7BD-67F1-4E4C-BEC7-01C0C4FA5EB9}.Release|Win32.ActiveCfg = Release|Win32
		{5F4DD7BD-67F1-4E4C-BEC7-01C0C4FA5EB9}.Release|Win32.Build.0 = Release|Win32
		{A0F57313-A93C-46E1-961B-5FE3ADE24DB4}.Debug|Any CPU.ActiveCfg = Debug|Win32
		{A0F57313-A93C-46E1-961B-5FE3ADE24DB4}.Debug|Mixed Platforms.ActiveCfg = Debug|Win32
		{A0F57313-A93C-46E1-961B-5FE3ADE24DB4}.Debug|Mixed Platforms.Build.0 = Debug|Win32
		{A0F57313-A93C-46E1-961B-5FE3ADE24DB4}.Debug|Win32.ActiveCfg = Debug|Win32
		{A0F57313-A93C-46E1-961B-5FE3ADE24DB4}.Debug|Win32.Build.0 = Debug|Win32
		{A0F57313-A93C-46E1-961B-5FE3ADE24DB4}.Release|Any CPU.ActiveCfg = Release|Win32
		{A0F57313-A93C-46E1-961B-5FE3ADE24DB4}.Release|Mixed Platforms.ActiveCfg = Release|Win32
		{A0F57313-A93C-46E1-961B-5FE3ADE24DB4}.Release|Mixed Platforms.Build.0 = Release|Win32
		{A0F57313-A93C-46E1-961B-5FE3ADE24DB4}.Release|Win32.ActiveCfg = Release|Win32
		{A0F57313-A93C-46E1-961B-5FE3ADE24DB4}.Release|Win32.Build.0 = Release|Win32
	EndGlobalSection
	GlobalSection(SolutionProperties) = preSolution
		HideSolutionNode = FALSE
	EndGlobalSection
EndGlobal
